
Microsoft Visual Studio Solution File, Format Version 12.00
# Visual Studio Version 17
VisualStudioVersion = 17.1.32319.34
MinimumVisualStudioVersion = 10.0.40219.1
Project("{9A19103F-16F7-4668-BE54-9A1E7A4F7556}") = "BettingConsoleGame", "src\BettingConsoleGame\BettingConsoleGame.csproj", "{E9A8485D-AB99-41F2-B80A-D9CB1476912D}"
EndProject
Project("{9A19103F-16F7-4668-BE54-9A1E7A4F7556}") = "BettingConsoleGame.Domain", "src\BettingConsoleGame.Domain\BettingConsoleGame.Domain.csproj", "{CCE1F070-AA60-4393-92B7-D4BA4151C906}"
EndProject
Project("{9A19103F-16F7-4668-BE54-9A1E7A4F7556}") = "BettingConsoleGame.Application", "src\BettingConsoleGame.Application\BettingConsoleGame.Application.csproj", "{3A9CEFAD-FF9A-46FF-9FBB-A6953FD54940}"
EndProject
Project("{2150E333-8FDC-42A3-9474-1A3956D46DE8}") = "src", "src", "{D1EA9B94-A520-4AE1-A826-05A8E1B30FCC}"
EndProject
Project("{2150E333-8FDC-42A3-9474-1A3956D46DE8}") = "tests", "tests", "{27778085-D75E-4EAB-8618-CA1C653BB683}"
EndProject
Project("{9A19103F-16F7-4668-BE54-9A1E7A4F7556}") = "BettingConsoleGame.IntegrationTests", "tests\BettingConsoleGame.IntegrationTests\BettingConsoleGame.IntegrationTests.csproj", "{65A75357-B647-49F1-953B-44EFC2E25E45}"
EndProject
Project("{9A19103F-16F7-4668-BE54-9A1E7A4F7556}") = "BettingConsoleGame.UnitTests", "tests\BettingConsoleGame.UnitTests\BettingConsoleGame.UnitTests.csproj", "{B2367143-F037-4427-A5E7-79001D544FDD}"
EndProject
Project("{9A19103F-16F7-4668-BE54-9A1E7A4F7556}") = "BettingConsoleGame.Test.Helpers", "tests\BettingConsoleGame.Test.Helpers\BettingConsoleGame.Test.Helpers.csproj", "{C69A59A0-18A1-49B9-9F94-D105F0D3FB3D}"
EndProject
Project("{9A19103F-16F7-4668-BE54-9A1E7A4F7556}") = "BettingConsoleGame.Application.UnitTests", "tests\BettingConsoleGame.Application.UnitTests\BettingConsoleGame.Application.UnitTests.csproj", "{F3EF8077-2F3D-4CC8-B7A8-A4EEAA06092E}"
EndProject
Project("{FAE04EC0-301F-11D3-BF4B-00C04F79EFBC}") = "BettingConsoleGame.Domain.UnitTests", "tests\BettingConsoleGame.Domain.UnitTests\BettingConsoleGame.Domain.UnitTests.csproj", "{181233A6-19C4-4215-AC4B-76B5726677DE}"
EndProject
Global
	GlobalSection(SolutionConfigurationPlatforms) = preSolution
		Debug|Any CPU = Debug|Any CPU
		Release|Any CPU = Release|Any CPU
	EndGlobalSection
	GlobalSection(ProjectConfigurationPlatforms) = postSolution
		{E9A8485D-AB99-41F2-B80A-D9CB1476912D}.Debug|Any CPU.ActiveCfg = Debug|Any CPU
		{E9A8485D-AB99-41F2-B80A-D9CB1476912D}.Debug|Any CPU.Build.0 = Debug|Any CPU
		{E9A8485D-AB99-41F2-B80A-D9CB1476912D}.Release|Any CPU.ActiveCfg = Release|Any CPU
		{E9A8485D-AB99-41F2-B80A-D9CB1476912D}.Release|Any CPU.Build.0 = Release|Any CPU
		{CCE1F070-AA60-4393-92B7-D4BA4151C906}.Debug|Any CPU.ActiveCfg = Debug|Any CPU
		{CCE1F070-AA60-4393-92B7-D4BA4151C906}.Debug|Any CPU.Build.0 = Debug|Any CPU
		{CCE1F070-AA60-4393-92B7-D4BA4151C906}.Release|Any CPU.ActiveCfg = Release|Any CPU
		{CCE1F070-AA60-4393-92B7-D4BA4151C906}.Release|Any CPU.Build.0 = Release|Any CPU
		{3A9CEFAD-FF9A-46FF-9FBB-A6953FD54940}.Debug|Any CPU.ActiveCfg = Debug|Any CPU
		{3A9CEFAD-FF9A-46FF-9FBB-A6953FD54940}.Debug|Any CPU.Build.0 = Debug|Any CPU
		{3A9CEFAD-FF9A-46FF-9FBB-A6953FD54940}.Release|Any CPU.ActiveCfg = Release|Any CPU
		{3A9CEFAD-FF9A-46FF-9FBB-A6953FD54940}.Release|Any CPU.Build.0 = Release|Any CPU
		{65A75357-B647-49F1-953B-44EFC2E25E45}.Debug|Any CPU.ActiveCfg = Debug|Any CPU
		{65A75357-B647-49F1-953B-44EFC2E25E45}.Debug|Any CPU.Build.0 = Debug|Any CPU
		{65A75357-B647-49F1-953B-44EFC2E25E45}.Release|Any CPU.ActiveCfg = Release|Any CPU
		{65A75357-B647-49F1-953B-44EFC2E25E45}.Release|Any CPU.Build.0 = Release|Any CPU
		{B2367143-F037-4427-A5E7-79001D544FDD}.Debug|Any CPU.ActiveCfg = Debug|Any CPU
		{B2367143-F037-4427-A5E7-79001D544FDD}.Debug|Any CPU.Build.0 = Debug|Any CPU
		{B2367143-F037-4427-A5E7-79001D544FDD}.Release|Any CPU.ActiveCfg = Release|Any CPU
		{B2367143-F037-4427-A5E7-79001D544FDD}.Release|Any CPU.Build.0 = Release|Any CPU
		{C69A59A0-18A1-49B9-9F94-D105F0D3FB3D}.Debug|Any CPU.ActiveCfg = Debug|Any CPU
		{C69A59A0-18A1-49B9-9F94-D105F0D3FB3D}.Debug|Any CPU.Build.0 = Debug|Any CPU
		{C69A59A0-18A1-49B9-9F94-D105F0D3FB3D}.Release|Any CPU.ActiveCfg = Release|Any CPU
		{C69A59A0-18A1-49B9-9F94-D105F0D3FB3D}.Release|Any CPU.Build.0 = Release|Any CPU
		{F3EF8077-2F3D-4CC8-B7A8-A4EEAA06092E}.Debug|Any CPU.ActiveCfg = Debug|Any CPU
		{F3EF8077-2F3D-4CC8-B7A8-A4EEAA06092E}.Debug|Any CPU.Build.0 = Debug|Any CPU
		{F3EF8077-2F3D-4CC8-B7A8-A4EEAA06092E}.Release|Any CPU.ActiveCfg = Release|Any CPU
		{F3EF8077-2F3D-4CC8-B7A8-A4EEAA06092E}.Release|Any CPU.Build.0 = Release|Any CPU
		{181233A6-19C4-4215-AC4B-76B5726677DE}.Debug|Any CPU.ActiveCfg = Debug|Any CPU
		{181233A6-19C4-4215-AC4B-76B5726677DE}.Debug|Any CPU.Build.0 = Debug|Any CPU
		{181233A6-19C4-4215-AC4B-76B5726677DE}.Release|Any CPU.ActiveCfg = Release|Any CPU
		{181233A6-19C4-4215-AC4B-76B5726677DE}.Release|Any CPU.Build.0 = Release|Any CPU
	EndGlobalSection
	GlobalSection(SolutionProperties) = preSolution
		HideSolutionNode = FALSE
	EndGlobalSection
	GlobalSection(NestedProjects) = preSolution
		{E9A8485D-AB99-41F2-B80A-D9CB1476912D} = {D1EA9B94-A520-4AE1-A826-05A8E1B30FCC}
		{CCE1F070-AA60-4393-92B7-D4BA4151C906} = {D1EA9B94-A520-4AE1-A826-05A8E1B30FCC}
		{3A9CEFAD-FF9A-46FF-9FBB-A6953FD54940} = {D1EA9B94-A520-4AE1-A826-05A8E1B30FCC}
		{65A75357-B647-49F1-953B-44EFC2E25E45} = {27778085-D75E-4EAB-8618-CA1C653BB683}
		{B2367143-F037-4427-A5E7-79001D544FDD} = {27778085-D75E-4EAB-8618-CA1C653BB683}
		{C69A59A0-18A1-49B9-9F94-D105F0D3FB3D} = {27778085-D75E-4EAB-8618-CA1C653BB683}
		{F3EF8077-2F3D-4CC8-B7A8-A4EEAA06092E} = {27778085-D75E-4EAB-8618-CA1C653BB683}
		{181233A6-19C4-4215-AC4B-76B5726677DE} = {27778085-D75E-4EAB-8618-CA1C653BB683}
	EndGlobalSection
	GlobalSection(ExtensibilityGlobals) = postSolution
		SolutionGuid = {1835D4A7-86FC-4012-812A-11EE5768172F}
	EndGlobalSection
EndGlobal
